
Microsoft Visual Studio Solution File, Format Version 12.00
# Visual Studio Version 16
VisualStudioVersion = 16.0.29230.47
MinimumVisualStudioVersion = 10.0.40219.1
Project("{FAE04EC0-301F-11D3-BF4B-00C04F79EFBC}") = "Varnos", "Varnos\Varnos.csproj", "{8AD74D24-11FA-4CC7-8722-12BE943BD51E}"
EndProject
Global
	GlobalSection(SolutionConfigurationPlatforms) = preSolution
		Debug|Any CPU = Debug|Any CPU
		Release|Any CPU = Release|Any CPU
	EndGlobalSection
	GlobalSection(ProjectConfigurationPlatforms) = postSolution
		{8AD74D24-11FA-4CC7-8722-12BE943BD51E}.Debug|Any CPU.ActiveCfg = Debug|Any CPU
		{8AD74D24-11FA-4CC7-8722-12BE943BD51E}.Debug|Any CPU.Build.0 = Debug|Any CPU
		{8AD74D24-11FA-4CC7-8722-12BE943BD51E}.Release|Any CPU.ActiveCfg = Release|Any CPU
		{8AD74D24-11FA-4CC7-8722-12BE943BD51E}.Release|Any CPU.Build.0 = Release|Any CPU
	EndGlobalSection
	GlobalSection(SolutionProperties) = preSolution
		HideSolutionNode = FALSE
	EndGlobalSection
	GlobalSection(ExtensibilityGlobals) = postSolution
		SolutionGuid = {3F1FCF58-1BA4-47A7-8D32-00422BF2FA4E}
	EndGlobalSection
EndGlobal
